
Microsoft Visual Studio Solution File, Format Version 12.00
# Visual Studio Version 17
VisualStudioVersion = 17.8.34330.188
MinimumVisualStudioVersion = 10.0.40219.1
Project("{FAE04EC0-301F-11D3-BF4B-00C04F79EFBC}") = "Presentation", "Presentation.csproj", "{C5D32687-5004-4A4D-BA38-867E83C9047D}"
EndProject
Project("{2150E333-8FDC-42A3-9474-1A3956D46DE8}") = "1.0 - Presentation", "1.0 - Presentation", "{1112E91A-DE1B-487F-818A-C1D0F4029971}"
EndProject
Project("{2150E333-8FDC-42A3-9474-1A3956D46DE8}") = "1.1 - Application", "1.1 - Application", "{B6BDA605-1457-4FE4-9699-0B680A57C1C8}"
EndProject
Project("{2150E333-8FDC-42A3-9474-1A3956D46DE8}") = "1.2 - Domain", "1.2 - Domain", "{84C055E9-79A5-460D-A0C0-5372D96F4437}"
EndProject
Project("{2150E333-8FDC-42A3-9474-1A3956D46DE8}") = "1.3 - Data", "1.3 - Data", "{EF5DED68-7704-418B-AE24-45F2C6607D90}"
EndProject
Project("{FAE04EC0-301F-11D3-BF4B-00C04F79EFBC}") = "Domain.Model", "..\Domain.Model\Domain.Model.csproj", "{CFE51A28-A541-43E5-845F-5A5145CD4A8A}"
EndProject
Project("{FAE04EC0-301F-11D3-BF4B-00C04F79EFBC}") = "Application.Services", "..\Application.Services\Application.Services.csproj", "{F3FD7098-B04C-4D25-94F5-F328C94D5D8D}"
EndProject
Project("{FAE04EC0-301F-11D3-BF4B-00C04F79EFBC}") = "Data.Repository", "..\Data.Repository\Data.Repository.csproj", "{06C8D85F-EAE2-49EC-B5D8-E3494F787E53}"
EndProject
Global
	GlobalSection(SolutionConfigurationPlatforms) = preSolution
		Debug|Any CPU = Debug|Any CPU
		Release|Any CPU = Release|Any CPU
	EndGlobalSection
	GlobalSection(ProjectConfigurationPlatforms) = postSolution
		{C5D32687-5004-4A4D-BA38-867E83C9047D}.Debug|Any CPU.ActiveCfg = Debug|Any CPU
		{C5D32687-5004-4A4D-BA38-867E83C9047D}.Debug|Any CPU.Build.0 = Debug|Any CPU
		{C5D32687-5004-4A4D-BA38-867E83C9047D}.Release|Any CPU.ActiveCfg = Release|Any CPU
		{C5D32687-5004-4A4D-BA38-867E83C9047D}.Release|Any CPU.Build.0 = Release|Any CPU
		{CFE51A28-A541-43E5-845F-5A5145CD4A8A}.Debug|Any CPU.ActiveCfg = Debug|Any CPU
		{CFE51A28-A541-43E5-845F-5A5145CD4A8A}.Debug|Any CPU.Build.0 = Debug|Any CPU
		{CFE51A28-A541-43E5-845F-5A5145CD4A8A}.Release|Any CPU.ActiveCfg = Release|Any CPU
		{CFE51A28-A541-43E5-845F-5A5145CD4A8A}.Release|Any CPU.Build.0 = Release|Any CPU
		{F3FD7098-B04C-4D25-94F5-F328C94D5D8D}.Debug|Any CPU.ActiveCfg = Debug|Any CPU
		{F3FD7098-B04C-4D25-94F5-F328C94D5D8D}.Debug|Any CPU.Build.0 = Debug|Any CPU
		{F3FD7098-B04C-4D25-94F5-F328C94D5D8D}.Release|Any CPU.ActiveCfg = Release|Any CPU
		{F3FD7098-B04C-4D25-94F5-F328C94D5D8D}.Release|Any CPU.Build.0 = Release|Any CPU
		{06C8D85F-EAE2-49EC-B5D8-E3494F787E53}.Debug|Any CPU.ActiveCfg = Debug|Any CPU
		{06C8D85F-EAE2-49EC-B5D8-E3494F787E53}.Debug|Any CPU.Build.0 = Debug|Any CPU
		{06C8D85F-EAE2-49EC-B5D8-E3494F787E53}.Release|Any CPU.ActiveCfg = Release|Any CPU
		{06C8D85F-EAE2-49EC-B5D8-E3494F787E53}.Release|Any CPU.Build.0 = Release|Any CPU
	EndGlobalSection
	GlobalSection(SolutionProperties) = preSolution
		HideSolutionNode = FALSE
	EndGlobalSection
	GlobalSection(NestedProjects) = preSolution
		{C5D32687-5004-4A4D-BA38-867E83C9047D} = {1112E91A-DE1B-487F-818A-C1D0F4029971}
		{CFE51A28-A541-43E5-845F-5A5145CD4A8A} = {84C055E9-79A5-460D-A0C0-5372D96F4437}
		{F3FD7098-B04C-4D25-94F5-F328C94D5D8D} = {B6BDA605-1457-4FE4-9699-0B680A57C1C8}
		{06C8D85F-EAE2-49EC-B5D8-E3494F787E53} = {EF5DED68-7704-418B-AE24-45F2C6607D90}
	EndGlobalSection
	GlobalSection(ExtensibilityGlobals) = postSolution
		SolutionGuid = {72179161-8214-4E38-9C8F-963F09EF85B1}
	EndGlobalSection
EndGlobal
